# THIS IS AN AUTOGENERATED FILE. DO NOT EDIT THIS FILE DIRECTLY.
# yarn lockfile v1


svelte-animation-driver@^0.0.1:
  version "0.0.1"
  resolved "https://registry.yarnpkg.com/svelte-animation-driver/-/svelte-animation-driver-0.0.1.tgz#09662463f1efdb5ce085f0a7247663b4b56294c3"
  integrity sha512-/4WW3OuKokoCXWVcttSwsMZ8Wl83HyOanEY86VZjEoC8dihDBawwdgQCJPECKgxRLVwljNmjD/yvpRVREvXZww==
  dependencies:
    svelte-animation-driver "^0.0.1"
